
Microsoft Visual Studio Solution File, Format Version 11.00
# Visual Studio 2010
Project("{FAE04EC0-301F-11D3-BF4B-00C04F79EFBC}") = "SpotifyWebPlayer", "SpotifyWebPlayer\SpotifyWebPlayer.csproj", "{F956CCE6-1E97-4F78-B76D-13487C074158}"
EndProject
Global
	GlobalSection(SolutionConfigurationPlatforms) = preSolution
		Debug|Any CPU = Debug|Any CPU
		Release|Any CPU = Release|Any CPU
	EndGlobalSection
	GlobalSection(ProjectConfigurationPlatforms) = postSolution
		{F956CCE6-1E97-4F78-B76D-13487C074158}.Debug|Any CPU.ActiveCfg = Debug|Any CPU
		{F956CCE6-1E97-4F78-B76D-13487C074158}.Debug|Any CPU.Build.0 = Debug|Any CPU
		{F956CCE6-1E97-4F78-B76D-13487C074158}.Release|Any CPU.ActiveCfg = Release|Any CPU
		{F956CCE6-1E97-4F78-B76D-13487C074158}.Release|Any CPU.Build.0 = Release|Any CPU
	EndGlobalSection
	GlobalSection(SolutionProperties) = preSolution
		HideSolutionNode = FALSE
	EndGlobalSection
EndGlobal
